
Microsoft Visual Studio Solution File, Format Version 12.00
# Visual Studio Version 17
VisualStudioVersion = 17.1.32328.378
MinimumVisualStudioVersion = 10.0.40219.1
Project("{FAE04EC0-301F-11D3-BF4B-00C04F79EFBC}") = "ProiectPawFormulare", "ProiectPawFormulare\ProiectPawFormulare.csproj", "{431C18D0-7095-473A-8B7B-196486541516}"
EndProject
Global
	GlobalSection(SolutionConfigurationPlatforms) = preSolution
		Debug|Any CPU = Debug|Any CPU
		Release|Any CPU = Release|Any CPU
	EndGlobalSection
	GlobalSection(ProjectConfigurationPlatforms) = postSolution
		{431C18D0-7095-473A-8B7B-196486541516}.Debug|Any CPU.ActiveCfg = Debug|Any CPU
		{431C18D0-7095-473A-8B7B-196486541516}.Debug|Any CPU.Build.0 = Debug|Any CPU
		{431C18D0-7095-473A-8B7B-196486541516}.Release|Any CPU.ActiveCfg = Release|Any CPU
		{431C18D0-7095-473A-8B7B-196486541516}.Release|Any CPU.Build.0 = Release|Any CPU
	EndGlobalSection
	GlobalSection(SolutionProperties) = preSolution
		HideSolutionNode = FALSE
	EndGlobalSection
	GlobalSection(ExtensibilityGlobals) = postSolution
		SolutionGuid = {BC7E96D5-67F1-401F-90BA-5DC47EED68C8}
	EndGlobalSection
EndGlobal
